schema_version: 1

# Reproducible project build and security tools. OpenCloud frontend/backend
# targets are discovered afresh and recorded in each acceptance run's evidence.

toolchains:
  # Security-patched compiler/runtime used for every build and acceptance run.
  # renovate: datasource=docker depName=golang versioning=docker
  go: "1.27.1"
  # renovate: datasource=docker depName=golang versioning=docker
  go_image: "golang:1.27.1-alpine@sha256:8a5910f31396cd4d89662f56c68b3ae31d374308270a1c3bd96672ee5ed43414"
  # Reproducible extension build runtime; latest-host E2E proves compatibility.
  # renovate: datasource=docker depName=node versioning=docker
  node: "24.21.0"
  # renovate: datasource=docker depName=node versioning=docker
  node_image: "node:24.21.0-bookworm@sha256:64af3819f9275802414d7cdc38c27e9d82bd564dec4d4da87d008255d36c63b4"
  # The extension's packageManager field is authoritative for reproducible builds.
  # renovate: datasource=npm depName=pnpm
  pnpm: "12.8.2"
  # Must match the @playwright/test version resolved in pnpm-lock.yaml.
  # renovate: datasource=docker depName=mcr.microsoft.com/playwright versioning=docker
  playwright_image: "mcr.microsoft.com/playwright:v1.63.0-noble@sha256:eff16c30e6f3f4af0a03fa4b706120d5e9b0891c344a27d64559aff5900a4a27"
  # Browser gateway used only by the disposable acceptance environment.
  # renovate: datasource=docker depName=caddy versioning=docker
  caddy_image: "caddy:2.11.4-alpine@sha256:6aeddd44c3078b0f9a35206472a11420648a79c184603ef95957d0a20044cb2b"
  # Vulnerability scanner used for the candidate backend image.
  # renovate: datasource=docker depName=aquasec/trivy versioning=docker
  trivy_image: "aquasec/trivy:0.74.0@sha256:62b1e65e8869bc4b4c6aa4fa2b21595256c7c2f6018a9d9ad61caf87187c1969"
  # renovate: datasource=go depName=golang.org/x/vuln
  govulncheck: "v1.8.0"
  # Buildx client and its BuildKit daemon are independently pinned.
  # renovate: datasource=github-releases depName=docker/buildx
  buildx: "v0.37.2"
  # renovate: datasource=docker depName=moby/buildkit versioning=docker
  buildkit_image: "moby/buildkit:v0.33.1@sha256:cec9f139f45e93c5c69c60f8b07cfad9f43f4ef6b6a6cd917527fea5ff2e3dea"
  # renovate: datasource=docker depName=tonistiigi/binfmt versioning=docker
  binfmt_image: "tonistiigi/binfmt:latest@sha256:400a4873b838d1b89194d982c45e5fb3cda4593fbfd7e08a02e76b03b21166f0"
  # Renovate receives a write-capable bot token, so its runtime is digest-pinned.
  # renovate: datasource=docker depName=ghcr.io/renovatebot/renovate versioning=docker
  renovate_image: "ghcr.io/renovatebot/renovate:43.257.7@sha256:14cbf4bfbc686d62da375b11bbe68833ce5567caa41cd17c477d01f02c2befd0"

release_policy:
  ordinary_updates: "weekly-grouped-patch-release"
  urgent_runtime_security: "immediate-after-full-acceptance"
  urgent_severities:
    - "Critical"
    - "High"
  required_platforms:
    - "linux/amd64"
    - "linux/arm64"
  frontend_asset: "file-archiver-X.Y.Z.zip"
  frontend_root_directory: "file-archiver/"
  checksum: "SHA256"
  backend_image: "ghcr.io/cheneyveron/opencloud-file-archiver-service:X.Y.Z"

# Values are maintained replacements approved by a human. Every lifecycle
# finding blocks automatic release until the dependency is migrated; an empty
# value additionally means a maintainer must choose a replacement.
approved_replacements:
  "github.com/bodgit/sevenzip": ""
  "github.com/nwaples/rardecode": ""
  "github.com/yeka/zip": ""
  "vue3-gettext": ""
